{
  "pins" : [
    {
      "identity" : "tapp-networking-ios",
      "kind" : "remoteSourceControl",
      "location" : "https://github.com/tapp-so/Tapp-Networking-iOS.git",
      "state" : {
        "revision" : "32d09b4a31dc217bc7c0d9bdaabdebb9e31f41d0",
        "version" : "1.0.96"
      }
    }
  ],
  "version" : 2
}
