{
  "pins" : [
    {
      "identity" : "tapp-networking-ios",
      "kind" : "remoteSourceControl",
      "location" : "https://github.com/tapp-so/Tapp-Networking-iOS.git",
      "state" : {
        "revision" : "02ca3f255428714c6d925c9591ec2ac056fb8ac5",
        "version" : "1.0.97"
      }
    }
  ],
  "version" : 2
}
