{
  "pins" : [
    {
      "identity" : "tapp-networking-ios",
      "kind" : "remoteSourceControl",
      "location" : "https://github.com/tapp-so/Tapp-Networking-iOS.git",
      "state" : {
        "revision" : "d0be69636dbc5ec3fb8fb66c675107a2b1e60673",
        "version" : "1.1.0"
      }
    }
  ],
  "version" : 2
}
